{
  "name": "delete-cloudinary-asset-worker",
  "version": "1.0.0",
  "lockfileVersion": 3,
  "requires": true,
  "packages": {
    "": {
      "name": "delete-cloudinary-asset-worker",
      "version": "1.0.0",
      "dependencies": {
        "firebase-auth-cloudflare-workers": "^1.2.0"
      }
    },
    "node_modules/firebase-auth-cloudflare-workers": {
      "version": "1.2.2",
      "resolved": "https://registry.npmjs.org/firebase-auth-cloudflare-workers/-/firebase-auth-cloudflare-workers-1.2.2.tgz",
      "integrity": "sha512-VRPcKYmX/yU81miv9pGrdQRKfy9Wy1C8WOqZGSk0Arm6YWBvaKgGCWNneSXOucqN1OOy6xjdPnS6LJbEm6FxMA==",
      "license": "MIT"
    }
  }
}
